{
  "name": "degoog-calendar-plugin",
  "version": "0.1.0",
  "lockfileVersion": 3,
  "requires": true,
  "packages": {
    "": {
      "name": "degoog-calendar-plugin",
      "version": "0.1.0",
      "dependencies": {
        "chrono-node": "^2.7.0"
      }
    },
    "node_modules/chrono-node": {
      "version": "2.10.1",
      "resolved": "https://registry.npmjs.org/chrono-node/-/chrono-node-2.10.1.tgz",
      "integrity": "sha512-tPOsBzYVAK5zth+CiHCgp5NGeqRc4mMD8FPthQ5IxkgjPWWxIFdM5odnmfw//IRAzl6C++Xy8olQW7wn5qBR1g==",
      "license": "MIT",
      "engines": {
        "node": "^12.20.0 || ^14.13.1 || >=16.0.0"
      }
    }
  }
}
